
Microsoft Visual Studio Solution File, Format Version 12.00
# Visual Studio Version 17
VisualStudioVersion = 17.5.002.0
MinimumVisualStudioVersion = 10.0.40219.1
Project("{9A19103F-16F7-4668-BE54-9A1E7A4F7556}") = "Console_Snippet_testing", "Console_Snippet_testing.csproj", "{41F62CDB-BDCB-486B-88F8-D36A6BC5783F}"
EndProject
Global
	GlobalSection(SolutionConfigurationPlatforms) = preSolution
		Debug|Any CPU = Debug|Any CPU
		Release|Any CPU = Release|Any CPU
	EndGlobalSection
	GlobalSection(ProjectConfigurationPlatforms) = postSolution
		{41F62CDB-BDCB-486B-88F8-D36A6BC5783F}.Debug|Any CPU.ActiveCfg = Debug|Any CPU
		{41F62CDB-BDCB-486B-88F8-D36A6BC5783F}.Debug|Any CPU.Build.0 = Debug|Any CPU
		{41F62CDB-BDCB-486B-88F8-D36A6BC5783F}.Release|Any CPU.ActiveCfg = Release|Any CPU
		{41F62CDB-BDCB-486B-88F8-D36A6BC5783F}.Release|Any CPU.Build.0 = Release|Any CPU
	EndGlobalSection
	GlobalSection(SolutionProperties) = preSolution
		HideSolutionNode = FALSE
	EndGlobalSection
	GlobalSection(ExtensibilityGlobals) = postSolution
		SolutionGuid = {9E9A9A59-4C64-4FBA-9B33-915BF58D7832}
	EndGlobalSection
EndGlobal
